
Microsoft Visual Studio Solution File, Format Version 12.00
# Visual Studio Version 17
VisualStudioVersion = 17.5.002.0
MinimumVisualStudioVersion = 10.0.40219.1
Project("{9A19103F-16F7-4668-BE54-9A1E7A4F7556}") = "ship-game", "ship-game.csproj", "{2042B08E-C792-4A71-A366-11A3E917E246}"
EndProject
Global
	GlobalSection(SolutionConfigurationPlatforms) = preSolution
		Debug|Any CPU = Debug|Any CPU
		Release|Any CPU = Release|Any CPU
	EndGlobalSection
	GlobalSection(ProjectConfigurationPlatforms) = postSolution
		{2042B08E-C792-4A71-A366-11A3E917E246}.Debug|Any CPU.ActiveCfg = Debug|Any CPU
		{2042B08E-C792-4A71-A366-11A3E917E246}.Debug|Any CPU.Build.0 = Debug|Any CPU
		{2042B08E-C792-4A71-A366-11A3E917E246}.Release|Any CPU.ActiveCfg = Release|Any CPU
		{2042B08E-C792-4A71-A366-11A3E917E246}.Release|Any CPU.Build.0 = Release|Any CPU
	EndGlobalSection
	GlobalSection(SolutionProperties) = preSolution
		HideSolutionNode = FALSE
	EndGlobalSection
	GlobalSection(ExtensibilityGlobals) = postSolution
		SolutionGuid = {A9820486-4FD5-44BA-9CE1-450ABA90A5B6}
	EndGlobalSection
EndGlobal
